{
  "name": "mojo-addon-examples",
  "version": "0.1.0",
  "lockfileVersion": 3,
  "requires": true,
  "packages": {
    "": {
      "name": "mojo-addon-examples",
      "version": "0.1.0",
      "dependencies": {
        "napi-mojo": "^0.2.5"
      }
    },
    "node_modules/@napi-mojo/darwin-arm64": {
      "version": "0.2.5",
      "resolved": "https://registry.npmjs.org/@napi-mojo/darwin-arm64/-/darwin-arm64-0.2.5.tgz",
      "integrity": "sha512-mVYfbjEf3Us6vpdQyaT10UPdbLGP13j/MqGMPacewvzZNC48+KDAjIpNdrlPiW0D6N7nuX8AsY8HVEpariX1NA==",
      "cpu": [
        "arm64"
      ],
      "license": "MIT",
      "optional": true,
      "os": [
        "darwin"
      ]
    },
    "node_modules/@napi-mojo/linux-x64": {
      "version": "0.2.5",
      "resolved": "https://registry.npmjs.org/@napi-mojo/linux-x64/-/linux-x64-0.2.5.tgz",
      "integrity": "sha512-U7wjpdRe0nCrq5F9nRxW8Pz0WVCjWZDTV+5keAcw4SSUovai2cwbnfxjximtHYR8GNTsULo3fpkqu0dcBgPvIw==",
      "cpu": [
        "x64"
      ],
      "license": "MIT",
      "optional": true,
      "os": [
        "linux"
      ]
    },
    "node_modules/napi-mojo": {
      "version": "0.2.5",
      "resolved": "https://registry.npmjs.org/napi-mojo/-/napi-mojo-0.2.5.tgz",
      "integrity": "sha512-ngBJwBqibVOJ0BW+jsDnb++Yeg4Awes/J9wBQ4UJr/5vGfAhnSRhHbKmAD0Ehv3419ECGsLcETeDCkR+ExHl2Q==",
      "license": "MIT",
      "engines": {
        "node": ">=18.0.0"
      },
      "optionalDependencies": {
        "@napi-mojo/darwin-arm64": "0.2.5",
        "@napi-mojo/linux-x64": "0.2.5"
      }
    }
  }
}
