{
  "name": "mojo-addon-examples",
  "version": "0.1.0",
  "lockfileVersion": 3,
  "requires": true,
  "packages": {
    "": {
      "name": "mojo-addon-examples",
      "version": "0.1.0",
      "dependencies": {
        "napi-mojo": "^0.2.7"
      }
    },
    "node_modules/@napi-mojo/darwin-arm64": {
      "version": "0.2.7",
      "resolved": "https://registry.npmjs.org/@napi-mojo/darwin-arm64/-/darwin-arm64-0.2.7.tgz",
      "integrity": "sha512-xy0qyuflPEYspfi6C4dAmTB33ra+ocJTIHwyO0wC3qZ4ug4FLeOa6wxVR1uAntnS0oRSJxD/Ob7UmFqXgigJPQ==",
      "cpu": [
        "arm64"
      ],
      "license": "MIT",
      "optional": true,
      "os": [
        "darwin"
      ]
    },
    "node_modules/@napi-mojo/linux-x64": {
      "version": "0.2.7",
      "resolved": "https://registry.npmjs.org/@napi-mojo/linux-x64/-/linux-x64-0.2.7.tgz",
      "integrity": "sha512-6RCdC5j78vxHP2YWT4EDBwpdkQ3vj++L87UXhn1EJgrDu9SpGzXLZo+mgR5VrBvZ+Pa4eKA1JZxk4VUicTloXw==",
      "cpu": [
        "x64"
      ],
      "license": "MIT",
      "optional": true,
      "os": [
        "linux"
      ]
    },
    "node_modules/napi-mojo": {
      "version": "0.2.7",
      "resolved": "https://registry.npmjs.org/napi-mojo/-/napi-mojo-0.2.7.tgz",
      "integrity": "sha512-ZJxjZnctStzhrOcLVDPZLrb8OnxB8REin3Yf49JjbEsE/kTLxWaAj4PfEl9a1ZqvO3CW7VjpXAqGBRuVlSDsCw==",
      "license": "MIT",
      "engines": {
        "node": ">=18.0.0"
      },
      "optionalDependencies": {
        "@napi-mojo/darwin-arm64": "0.2.7",
        "@napi-mojo/linux-x64": "0.2.7"
      }
    }
  }
}
