{
  "name": "mojo-addon-examples",
  "version": "0.1.0",
  "lockfileVersion": 3,
  "requires": true,
  "packages": {
    "": {
      "name": "mojo-addon-examples",
      "version": "0.1.0",
      "dependencies": {
        "napi-mojo": "file:../napi-mojo"
      }
    },
    "../mojo-node-api": {
      "name": "napi-mojo",
      "version": "0.1.0",
      "extraneous": true,
      "license": "MIT",
      "devDependencies": {
        "jest": "^29.0.0"
      },
      "engines": {
        "node": ">=18.0.0"
      },
      "optionalDependencies": {
        "@napi-mojo/darwin-arm64": "0.1.0",
        "@napi-mojo/linux-x64": "0.1.0"
      }
    },
    "../napi-mojo": {
      "version": "0.1.0",
      "license": "MIT",
      "devDependencies": {
        "jest": "^29.0.0"
      },
      "engines": {
        "node": ">=18.0.0"
      },
      "optionalDependencies": {
        "@napi-mojo/darwin-arm64": "0.1.0",
        "@napi-mojo/linux-x64": "0.1.0"
      }
    },
    "node_modules/napi-mojo": {
      "resolved": "../napi-mojo",
      "link": true
    }
  }
}
